<?xml version="1.0" encoding="utf-8"?>
<Project ToolsVersion="4.0" xmlns="http://schemas.microsoft.com/developer/msbuild/2003">
  <ItemGroup>
    <Filter Include="Source Files">
      <UniqueIdentifier>{4FC737F1-C7A5-4376-A066-2A32D752A2FF}</UniqueIdentifier>
      <Extensions>cpp;c;cc;cxx;c++;cppm;ixx;def;odl;idl;hpj;bat;asm;asmx</Extensions>
    </Filter>
    <Filter Include="Resource Files">
      <UniqueIdentifier>{67DA6AB6-F800-4c08-8B7A-83BB121AAD01}</UniqueIdentifier>
      <Extensions>rc;ico;cur;bmp;dlg;rc2;rct;bin;rgs;gif;jpg;jpeg;jpe;resx;tiff;tif;png;wav;mfcribbon-ms</Extensions>
    </Filter>
    <Filter Include="Domain">
      <UniqueIdentifier>{aa7e1a1f-a14d-4f28-9070-770e77434d0e}</UniqueIdentifier>
    </Filter>
    <Filter Include="DataBase">
      <UniqueIdentifier>{def3c470-7063-4fe1-8d3b-eef9199d46d7}</UniqueIdentifier>
    </Filter>
    <Filter Include="GameFiles">
      <UniqueIdentifier>{9743faa8-0879-42a4-a81b-2a1e04a2d70f}</UniqueIdentifier>
    </Filter>
  </ItemGroup>
  <ItemGroup>
    <ClCompile Include="main.cpp">
      <Filter>Source Files</Filter>
    </ClCompile>
    <ClCompile Include="Player.cpp">
      <Filter>Domain</Filter>
    </ClCompile>
    <ClCompile Include="SkribblServer.cpp">
      <Filter>Domain</Filter>
    </ClCompile>
    <ClCompile Include="utils.cppm">
      <Filter>Source Files</Filter>
    </ClCompile>
    <ClCompile Include="utils.cpp">
      <Filter>Source Files</Filter>
    </ClCompile>
    <ClCompile Include="DataBase.cpp">
      <Filter>DataBase</Filter>
    </ClCompile>
    <ClCompile Include="Message.cpp">
      <Filter>Source Files</Filter>
    </ClCompile>
    <ClCompile Include="Purchase.cpp">
      <Filter>Domain</Filter>
    </ClCompile>
    <ClCompile Include="ObtainedScore.cpp">
      <Filter>Domain</Filter>
    </ClCompile>
    <ClCompile Include="graph.cpp">
      <Filter>GameFiles</Filter>
    </ClCompile>
    <ClCompile Include="node.cpp">
      <Filter>GameFiles</Filter>
    </ClCompile>
    <ClCompile Include="Game.cpp">
      <Filter>GameFiles</Filter>
    </ClCompile>
  </ItemGroup>
  <ItemGroup>
    <ClInclude Include="Player.h">
      <Filter>Domain</Filter>
    </ClInclude>
    <ClInclude Include="SkribblServer.h">
      <Filter>Domain</Filter>
    </ClInclude>
    <ClInclude Include="DataBase.h">
      <Filter>DataBase</Filter>
    </ClInclude>
    <ClInclude Include="Purchase.h">
      <Filter>Domain</Filter>
    </ClInclude>
    <ClInclude Include="ObtainedScore.h">
      <Filter>Domain</Filter>
    </ClInclude>
    <ClInclude Include="graph.h">
      <Filter>GameFiles</Filter>
    </ClInclude>
    <ClInclude Include="node.h">
      <Filter>GameFiles</Filter>
    </ClInclude>
    <ClInclude Include="Message.h">
      <Filter>Source Files</Filter>
    </ClInclude>
    <ClInclude Include="Game.h">
      <Filter>GameFiles</Filter>
    </ClInclude>
  </ItemGroup>
  <ItemGroup>
    <None Include="SkribblData.sqlite">
      <Filter>Resource Files</Filter>
    </None>
  </ItemGroup>
  <ItemGroup>
    <Text Include="Words.txt">
      <Filter>Resource Files</Filter>
    </Text>
  </ItemGroup>
</Project>