<?xml version="1.0" encoding="utf-8"?>
<Project ToolsVersion="4.0" xmlns="http://schemas.microsoft.com/developer/msbuild/2003">
  <ItemGroup>
    <Filter Include="Domain">
      <UniqueIdentifier>{e86f486a-e5ce-41c6-9231-74f7c3983227}</UniqueIdentifier>
    </Filter>
    <Filter Include="Service">
      <UniqueIdentifier>{c3b95a7f-1410-4876-9336-2ef0fc40206e}</UniqueIdentifier>
    </Filter>
    <Filter Include="Repository">
      <UniqueIdentifier>{1fdaf747-ef3d-422d-8107-dfd5624f9a50}</UniqueIdentifier>
    </Filter>
    <Filter Include="UserInterface">
      <UniqueIdentifier>{0b14b173-7d8e-4db6-8d75-293c3f972433}</UniqueIdentifier>
    </Filter>
    <Filter Include="Data Base">
      <UniqueIdentifier>{525eab6f-b603-49d2-997a-b2e91a23cdc5}</UniqueIdentifier>
    </Filter>
  </ItemGroup>
  <ItemGroup>
    <ClCompile Include="Player.cpp">
      <Filter>Domain</Filter>
    </ClCompile>
    <ClCompile Include="Word.cpp">
      <Filter>Domain</Filter>
    </ClCompile>
    <ClCompile Include="PlayerRepo.cpp">
      <Filter>Repository</Filter>
    </ClCompile>
    <ClCompile Include="PlayerService.cpp">
      <Filter>Service</Filter>
    </ClCompile>
    <ClCompile Include="UI.cpp">
      <Filter>UserInterface</Filter>
    </ClCompile>
    <ClCompile Include="main.cpp" />
    <ClCompile Include="GameLogic.cpp" />
    <ClCompile Include="WordRepo.cpp">
      <Filter>Repository</Filter>
    </ClCompile>
    <ClCompile Include="WordService.cpp">
      <Filter>Service</Filter>
    </ClCompile>
    <ClCompile Include="DataBase.cpp">
      <Filter>Data Base</Filter>
    </ClCompile>
  </ItemGroup>
  <ItemGroup>
    <ClInclude Include="Player.h">
      <Filter>Domain</Filter>
    </ClInclude>
    <ClInclude Include="Word.h">
      <Filter>Domain</Filter>
    </ClInclude>
    <ClInclude Include="PlayerRepo.h">
      <Filter>Repository</Filter>
    </ClInclude>
    <ClInclude Include="PlayerService.h">
      <Filter>Service</Filter>
    </ClInclude>
    <ClInclude Include="UI.h">
      <Filter>UserInterface</Filter>
    </ClInclude>
    <ClInclude Include="GameLogic.h" />
    <ClInclude Include="WordRepo.h">
      <Filter>Repository</Filter>
    </ClInclude>
    <ClInclude Include="WordService.h">
      <Filter>Service</Filter>
    </ClInclude>
    <ClInclude Include="DataBase.h">
      <Filter>Data Base</Filter>
    </ClInclude>
  </ItemGroup>
  <ItemGroup>
    <None Include="fisier.in" />
  </ItemGroup>
</Project>