<?xml version="1.0" encoding="utf-8"?>
<Project ToolsVersion="4.0" xmlns="http://schemas.microsoft.com/developer/msbuild/2003">
  <ItemGroup>
    <Filter Include="UI">
      <UniqueIdentifier>{4FC737F1-C7A5-4376-A066-2A32D752A2FF}</UniqueIdentifier>
      <Extensions>qml;cpp;c;cc;cxx;def;odl;idl;hpj;bat;asm;asmx</Extensions>
    </Filter>
    <Filter Include="Domain">
      <UniqueIdentifier>{d9368449-de2a-42ce-af07-39f259c51294}</UniqueIdentifier>
    </Filter>
    <Filter Include="Repos">
      <UniqueIdentifier>{c949c9de-9cdd-4b27-b65d-8cc5c2ea106e}</UniqueIdentifier>
    </Filter>
    <Filter Include="Service">
      <UniqueIdentifier>{8186ede6-bc82-4268-8e6f-e8f27e568deb}</UniqueIdentifier>
    </Filter>
  </ItemGroup>
  <ItemGroup>
    <ClCompile Include="SkribblFake.cpp">
      <Filter>UI</Filter>
    </ClCompile>
  </ItemGroup>
  <ItemGroup>
    <ClCompile Include="main.cpp">
      <Filter>UI</Filter>
    </ClCompile>
    <ClCompile Include="..\Project1\PlayerRepo.cpp">
      <Filter>Repos</Filter>
    </ClCompile>
    <ClCompile Include="..\Project1\Player.cpp">
      <Filter>Domain</Filter>
    </ClCompile>
    <ClCompile Include="..\Project1\PlayerService.cpp">
      <Filter>Service</Filter>
    </ClCompile>
  </ItemGroup>
  <ItemGroup>
    <ClInclude Include="..\Project1\PlayerRepo.h">
      <Filter>Repos</Filter>
    </ClInclude>
    <ClInclude Include="..\Project1\Player.h">
      <Filter>Domain</Filter>
    </ClInclude>
    <ClInclude Include="..\Project1\PlayerService.h">
      <Filter>Service</Filter>
    </ClInclude>
  </ItemGroup>
  <ItemGroup>
    <QtUic Include="SkribblFake.ui">
      <Filter>UI</Filter>
    </QtUic>
  </ItemGroup>
  <ItemGroup>
    <QtRcc Include="SkribblFake.qrc">
      <Filter>UI</Filter>
    </QtRcc>
  </ItemGroup>
  <ItemGroup>
    <QtMoc Include="SkribblFake.h">
      <Filter>UI</Filter>
    </QtMoc>
  </ItemGroup>
</Project>